
Microsoft Visual Studio Solution File, Format Version 12.00
# Visual Studio Version 17
VisualStudioVersion = 17.1.32210.238
MinimumVisualStudioVersion = 10.0.40219.1
Project("{FAE04EC0-301F-11D3-BF4B-00C04F79EFBC}") = "Tic Only Self", "Tic Only Self.csproj", "{5266BED6-2AB7-441A-9E2C-F615479937F9}"
EndProject
Global
	GlobalSection(SolutionConfigurationPlatforms) = preSolution
		Debug|Any CPU = Debug|Any CPU
		Release|Any CPU = Release|Any CPU
	EndGlobalSection
	GlobalSection(ProjectConfigurationPlatforms) = postSolution
		{5266BED6-2AB7-441A-9E2C-F615479937F9}.Debug|Any CPU.ActiveCfg = Debug|Any CPU
		{5266BED6-2AB7-441A-9E2C-F615479937F9}.Debug|Any CPU.Build.0 = Debug|Any CPU
		{5266BED6-2AB7-441A-9E2C-F615479937F9}.Release|Any CPU.ActiveCfg = Release|Any CPU
		{5266BED6-2AB7-441A-9E2C-F615479937F9}.Release|Any CPU.Build.0 = Release|Any CPU
	EndGlobalSection
	GlobalSection(SolutionProperties) = preSolution
		HideSolutionNode = FALSE
	EndGlobalSection
	GlobalSection(ExtensibilityGlobals) = postSolution
		SolutionGuid = {FF64600F-B20F-48F1-9A99-CB58B26A854D}
	EndGlobalSection
EndGlobal
